// !$*UTF8*$!
{
	archiveVersion = 1;
	classes = {
	};
	objectVersion = 77;
	objects = {

/* Begin PBXBuildFile section */
		FBA502B72E6803D400DEA435 /* NetworkExtension.framework in Frameworks */ = {isa = PBXBuildFile; fileRef = FBA502B62E6803D400DEA435 /* NetworkExtension.framework */; };
		FBA502BF2E6803D400DEA435 /* NEDnsProxyTest-Extension.appex in Embed Foundation Extensions */ = {isa = PBXBuildFile; fileRef = FBA502B42E6803D400DEA435 /* NEDnsProxyTest-Extension.appex */; settings = {ATTRIBUTES = (RemoveHeadersOnCopy, ); }; };
		FBA502F92E682A1100DEA435 /* libresolv.tbd in Frameworks */ = {isa = PBXBuildFile; fileRef = FBA502F82E6827F500DEA435 /* libresolv.tbd */; };
/* End PBXBuildFile section */

/* Begin PBXContainerItemProxy section */
		FBA502BD2E6803D400DEA435 /* PBXContainerItemProxy */ = {
			isa = PBXContainerItemProxy;
			containerPortal = FBA502972E68038000DEA435 /* Project object */;
			proxyType = 1;
			remoteGlobalIDString = FBA502B32E6803D400DEA435;
			remoteInfo = "NEDnsProxyTest-Extension";
		};
/* End PBXContainerItemProxy section */

/* Begin PBXCopyFilesBuildPhase section */
		FBA502C42E6803D400DEA435 /* Embed Foundation Extensions */ = {
			isa = PBXCopyFilesBuildPhase;
			buildActionMask = 2147483647;
			dstPath = "";
			dstSubfolderSpec = 13;
			files = (
				FBA502BF2E6803D400DEA435 /* NEDnsProxyTest-Extension.appex in Embed Foundation Extensions */,
			);
			name = "Embed Foundation Extensions";
			runOnlyForDeploymentPostprocessing = 0;
		};
/* End PBXCopyFilesBuildPhase section */

/* Begin PBXFileReference section */
		FBA5029F2E68038000DEA435 /* NEDNSProxyTest.app */ = {isa = PBXFileReference; explicitFileType = wrapper.application; includeInIndex = 0; path = NEDNSProxyTest.app; sourceTree = BUILT_PRODUCTS_DIR; };
		FBA502B42E6803D400DEA435 /* NEDnsProxyTest-Extension.appex */ = {isa = PBXFileReference; explicitFileType = "wrapper.app-extension"; includeInIndex = 0; path = "NEDnsProxyTest-Extension.appex"; sourceTree = BUILT_PRODUCTS_DIR; };
		FBA502B62E6803D400DEA435 /* NetworkExtension.framework */ = {isa = PBXFileReference; lastKnownFileType = wrapper.framework; name = NetworkExtension.framework; path = System/Library/Frameworks/NetworkExtension.framework; sourceTree = SDKROOT; };
		FBA502E32E681FFA00DEA435 /* DnsParse.h */ = {isa = PBXFileReference; lastKnownFileType = sourcecode.c.h; path = DnsParse.h; sourceTree = "<group>"; };
		FBA502F82E6827F500DEA435 /* libresolv.tbd */ = {isa = PBXFileReference; lastKnownFileType = "sourcecode.text-based-dylib-definition"; name = libresolv.tbd; path = usr/lib/libresolv.tbd; sourceTree = SDKROOT; };
/* End PBXFileReference section */

/* Begin PBXFileSystemSynchronizedBuildFileExceptionSet section */
		FBA502C02E6803D400DEA435 /* Exceptions for "NEDnsProxyTest-Extension" folder in "NEDnsProxyTest-Extension" target */ = {
			isa = PBXFileSystemSynchronizedBuildFileExceptionSet;
			membershipExceptions = (
				Info.plist,
			);
			target = FBA502B32E6803D400DEA435 /* NEDnsProxyTest-Extension */;
		};
/* End PBXFileSystemSynchronizedBuildFileExceptionSet section */

/* Begin PBXFileSystemSynchronizedRootGroup section */
		FBA502A12E68038000DEA435 /* NEDNSProxyTest */ = {
			isa = PBXFileSystemSynchronizedRootGroup;
			path = NEDNSProxyTest;
			sourceTree = "<group>";
		};
		FBA502B82E6803D400DEA435 /* NEDnsProxyTest-Extension */ = {
			isa = PBXFileSystemSynchronizedRootGroup;
			exceptions = (
				FBA502C02E6803D400DEA435 /* Exceptions for "NEDnsProxyTest-Extension" folder in "NEDnsProxyTest-Extension" target */,
			);
			path = "NEDnsProxyTest-Extension";
			sourceTree = "<group>";
		};
/* End PBXFileSystemSynchronizedRootGroup section */

/* Begin PBXFrameworksBuildPhase section */
		FBA5029C2E68038000DEA435 /* Frameworks */ = {
			isa = PBXFrameworksBuildPhase;
			buildActionMask = 2147483647;
			files = (
			);
			runOnlyForDeploymentPostprocessing = 0;
		};
		FBA502B12E6803D400DEA435 /* Frameworks */ = {
			isa = PBXFrameworksBuildPhase;
			buildActionMask = 2147483647;
			files = (
				FBA502F92E682A1100DEA435 /* libresolv.tbd in Frameworks */,
				FBA502B72E6803D400DEA435 /* NetworkExtension.framework in Frameworks */,
			);
			runOnlyForDeploymentPostprocessing = 0;
		};
/* End PBXFrameworksBuildPhase section */

/* Begin PBXGroup section */
		FBA502962E68038000DEA435 = {
			isa = PBXGroup;
			children = (
				FBA502E32E681FFA00DEA435 /* DnsParse.h */,
				FBA502A12E68038000DEA435 /* NEDNSProxyTest */,
				FBA502B82E6803D400DEA435 /* NEDnsProxyTest-Extension */,
				FBA502B52E6803D400DEA435 /* Frameworks */,
				FBA502A02E68038000DEA435 /* Products */,
			);
			sourceTree = "<group>";
		};
		FBA502A02E68038000DEA435 /* Products */ = {
			isa = PBXGroup;
			children = (
				FBA5029F2E68038000DEA435 /* NEDNSProxyTest.app */,
				FBA502B42E6803D400DEA435 /* NEDnsProxyTest-Extension.appex */,
			);
			name = Products;
			sourceTree = "<group>";
		};
		FBA502B52E6803D400DEA435 /* Frameworks */ = {
			isa = PBXGroup;
			children = (
				FBA502F82E6827F500DEA435 /* libresolv.tbd */,
				FBA502B62E6803D400DEA435 /* NetworkExtension.framework */,
			);
			name = Frameworks;
			sourceTree = "<group>";
		};
/* End PBXGroup section */

/* Begin PBXNativeTarget section */
		FBA5029E2E68038000DEA435 /* NEDNSProxyTest */ = {
			isa = PBXNativeTarget;
			buildConfigurationList = FBA502AD2E68038200DEA435 /* Build configuration list for PBXNativeTarget "NEDNSProxyTest" */;
			buildPhases = (
				FBA5029B2E68038000DEA435 /* Sources */,
				FBA5029C2E68038000DEA435 /* Frameworks */,
				FBA5029D2E68038000DEA435 /* Resources */,
				FBA502C42E6803D400DEA435 /* Embed Foundation Extensions */,
			);
			buildRules = (
			);
			dependencies = (
				FBA502BE2E6803D400DEA435 /* PBXTargetDependency */,
			);
			fileSystemSynchronizedGroups = (
				FBA502A12E68038000DEA435 /* NEDNSProxyTest */,
			);
			name = NEDNSProxyTest;
			packageProductDependencies = (
			);
			productName = NEDNSProxyTest;
			productReference = FBA5029F2E68038000DEA435 /* NEDNSProxyTest.app */;
			productType = "com.apple.product-type.application";
		};
		FBA502B32E6803D400DEA435 /* NEDnsProxyTest-Extension */ = {
			isa = PBXNativeTarget;
			buildConfigurationList = FBA502C12E6803D400DEA435 /* Build configuration list for PBXNativeTarget "NEDnsProxyTest-Extension" */;
			buildPhases = (
				FBA502B02E6803D400DEA435 /* Sources */,
				FBA502B12E6803D400DEA435 /* Frameworks */,
				FBA502B22E6803D400DEA435 /* Resources */,
			);
			buildRules = (
			);
			dependencies = (
			);
			fileSystemSynchronizedGroups = (
				FBA502B82E6803D400DEA435 /* NEDnsProxyTest-Extension */,
			);
			name = "NEDnsProxyTest-Extension";
			packageProductDependencies = (
			);
			productName = "NEDnsProxyTest-Extension";
			productReference = FBA502B42E6803D400DEA435 /* NEDnsProxyTest-Extension.appex */;
			productType = "com.apple.product-type.app-extension";
		};
/* End PBXNativeTarget section */

/* Begin PBXProject section */
		FBA502972E68038000DEA435 /* Project object */ = {
			isa = PBXProject;
			attributes = {
				BuildIndependentTargetsInParallel = 1;
				LastSwiftUpdateCheck = 1620;
				LastUpgradeCheck = 1620;
				TargetAttributes = {
					FBA5029E2E68038000DEA435 = {
						CreatedOnToolsVersion = 16.2;
					};
					FBA502B32E6803D400DEA435 = {
						CreatedOnToolsVersion = 16.2;
					};
				};
			};
			buildConfigurationList = FBA5029A2E68038000DEA435 /* Build configuration list for PBXProject "NEDNSProxyTest" */;
			developmentRegion = en;
			hasScannedForEncodings = 0;
			knownRegions = (
				en,
				Base,
			);
			mainGroup = FBA502962E68038000DEA435;
			minimizedProjectReferenceProxies = 1;
			preferredProjectObjectVersion = 77;
			productRefGroup = FBA502A02E68038000DEA435 /* Products */;
			projectDirPath = "";
			projectRoot = "";
			targets = (
				FBA5029E2E68038000DEA435 /* NEDNSProxyTest */,
				FBA502B32E6803D400DEA435 /* NEDnsProxyTest-Extension */,
			);
		};
/* End PBXProject section */

/* Begin PBXResourcesBuildPhase section */
		FBA5029D2E68038000DEA435 /* Resources */ = {
			isa = PBXResourcesBuildPhase;
			buildActionMask = 2147483647;
			files = (
			);
			runOnlyForDeploymentPostprocessing = 0;
		};
		FBA502B22E6803D400DEA435 /* Resources */ = {
			isa = PBXResourcesBuildPhase;
			buildActionMask = 2147483647;
			files = (
			);
			runOnlyForDeploymentPostprocessing = 0;
		};
/* End PBXResourcesBuildPhase section */

/* Begin PBXSourcesBuildPhase section */
		FBA5029B2E68038000DEA435 /* Sources */ = {
			isa = PBXSourcesBuildPhase;
			buildActionMask = 2147483647;
			files = (
			);
			runOnlyForDeploymentPostprocessing = 0;
		};
		FBA502B02E6803D400DEA435 /* Sources */ = {
			isa = PBXSourcesBuildPhase;
			buildActionMask = 2147483647;
			files = (
			);
			runOnlyForDeploymentPostprocessing = 0;
		};
/* End PBXSourcesBuildPhase section */

/* Begin PBXTargetDependency section */
		FBA502BE2E6803D400DEA435 /* PBXTargetDependency */ = {
			isa = PBXTargetDependency;
			target = FBA502B32E6803D400DEA435 /* NEDnsProxyTest-Extension */;
			targetProxy = FBA502BD2E6803D400DEA435 /* PBXContainerItemProxy */;
		};
/* End PBXTargetDependency section */

/* Begin XCBuildConfiguration section */
		FBA502AB2E68038200DEA435 /* Debug */ = {
			isa = XCBuildConfiguration;
			buildSettings = {
				ALWAYS_SEARCH_USER_PATHS = NO;
				ASSETCATALOG_COMPILER_GENERATE_SWIFT_ASSET_SYMBOL_EXTENSIONS = YES;
				CLANG_ANALYZER_NONNULL = YES;
				CLANG_ANALYZER_NUMBER_OBJECT_CONVERSION = YES_AGGRESSIVE;
				CLANG_CXX_LANGUAGE_STANDARD = "gnu++20";
				CLANG_ENABLE_MODULES = YES;
				CLANG_ENABLE_OBJC_ARC = YES;
				CLANG_ENABLE_OBJC_WEAK = YES;
				CLANG_WARN_BLOCK_CAPTURE_AUTORELEASING = YES;
				CLANG_WARN_BOOL_CONVERSION = YES;
				CLANG_WARN_COMMA = YES;
				CLANG_WARN_CONSTANT_CONVERSION = YES;
				CLANG_WARN_DEPRECATED_OBJC_IMPLEMENTATIONS = YES;
				CLANG_WARN_DIRECT_OBJC_ISA_USAGE = YES_ERROR;
				CLANG_WARN_DOCUMENTATION_COMMENTS = YES;
				CLANG_WARN_EMPTY_BODY = YES;
				CLANG_WARN_ENUM_CONVERSION = YES;
				CLANG_WARN_INFINITE_RECURSION = YES;
				CLANG_WARN_INT_CONVERSION = YES;
				CLANG_WARN_NON_LITERAL_NULL_CONVERSION = YES;
				CLANG_WARN_OBJC_IMPLICIT_RETAIN_SELF = YES;
				CLANG_WARN_OBJC_LITERAL_CONVERSION = YES;
				CLANG_WARN_OBJC_ROOT_CLASS = YES_ERROR;
				CLANG_WARN_QUOTED_INCLUDE_IN_FRAMEWORK_HEADER = YES;
				CLANG_WARN_RANGE_LOOP_ANALYSIS = YES;
				CLANG_WARN_STRICT_PROTOTYPES = YES;
				CLANG_WARN_SUSPICIOUS_MOVE = YES;
				CLANG_WARN_UNGUARDED_AVAILABILITY = YES_AGGRESSIVE;
				CLANG_WARN_UNREACHABLE_CODE = YES;
				CLANG_WARN__DUPLICATE_METHOD_MATCH = YES;
				COPY_PHASE_STRIP = NO;
				DEBUG_INFORMATION_FORMAT = dwarf;
				ENABLE_STRICT_OBJC_MSGSEND = YES;
				ENABLE_TESTABILITY = YES;
				ENABLE_USER_SCRIPT_SANDBOXING = YES;
				GCC_C_LANGUAGE_STANDARD = gnu17;
				GCC_DYNAMIC_NO_PIC = NO;
				GCC_NO_COMMON_BLOCKS = YES;
				GCC_OPTIMIZATION_LEVEL = 0;
				GCC_PREPROCESSOR_DEFINITIONS = (
					"DEBUG=1",
					"$(inherited)",
				);
				GCC_WARN_64_TO_32_BIT_CONVERSION = YES;
				GCC_WARN_ABOUT_RETURN_TYPE = YES_ERROR;
				GCC_WARN_UNDECLARED_SELECTOR = YES;
				GCC_WARN_UNINITIALIZED_AUTOS = YES_AGGRESSIVE;
				GCC_WARN_UNUSED_FUNCTION = YES;
				GCC_WARN_UNUSED_VARIABLE = YES;
				IPHONEOS_DEPLOYMENT_TARGET = 18.2;
				LOCALIZATION_PREFERS_STRING_CATALOGS = YES;
				MTL_ENABLE_DEBUG_INFO = INCLUDE_SOURCE;
				MTL_FAST_MATH = YES;
				ONLY_ACTIVE_ARCH = YES;
				SDKROOT = iphoneos;
				SWIFT_ACTIVE_COMPILATION_CONDITIONS = "DEBUG $(inherited)";
				SWIFT_OPTIMIZATION_LEVEL = "-Onone";
			};
			name = Debug;
		};
		FBA502AC2E68038200DEA435 /* Release */ = {
			isa = XCBuildConfiguration;
			buildSettings = {
				ALWAYS_SEARCH_USER_PATHS = NO;
				ASSETCATALOG_COMPILER_GENERATE_SWIFT_ASSET_SYMBOL_EXTENSIONS = YES;
				CLANG_ANALYZER_NONNULL = YES;
				CLANG_ANALYZER_NUMBER_OBJECT_CONVERSION = YES_AGGRESSIVE;
				CLANG_CXX_LANGUAGE_STANDARD = "gnu++20";
				CLANG_ENABLE_MODULES = YES;
				CLANG_ENABLE_OBJC_ARC = YES;
				CLANG_ENABLE_OBJC_WEAK = YES;
				CLANG_WARN_BLOCK_CAPTURE_AUTORELEASING = YES;
				CLANG_WARN_BOOL_CONVERSION = YES;
				CLANG_WARN_COMMA = YES;
				CLANG_WARN_CONSTANT_CONVERSION = YES;
				CLANG_WARN_DEPRECATED_OBJC_IMPLEMENTATIONS = YES;
				CLANG_WARN_DIRECT_OBJC_ISA_USAGE = YES_ERROR;
				CLANG_WARN_DOCUMENTATION_COMMENTS = YES;
				CLANG_WARN_EMPTY_BODY = YES;
				CLANG_WARN_ENUM_CONVERSION = YES;
				CLANG_WARN_INFINITE_RECURSION = YES;
				CLANG_WARN_INT_CONVERSION = YES;
				CLANG_WARN_NON_LITERAL_NULL_CONVERSION = YES;
				CLANG_WARN_OBJC_IMPLICIT_RETAIN_SELF = YES;
				CLANG_WARN_OBJC_LITERAL_CONVERSION = YES;
				CLANG_WARN_OBJC_ROOT_CLASS = YES_ERROR;
				CLANG_WARN_QUOTED_INCLUDE_IN_FRAMEWORK_HEADER = YES;
				CLANG_WARN_RANGE_LOOP_ANALYSIS = YES;
				CLANG_WARN_STRICT_PROTOTYPES = YES;
				CLANG_WARN_SUSPICIOUS_MOVE = YES;
				CLANG_WARN_UNGUARDED_AVAILABILITY = YES_AGGRESSIVE;
				CLANG_WARN_UNREACHABLE_CODE = YES;
				CLANG_WARN__DUPLICATE_METHOD_MATCH = YES;
				COPY_PHASE_STRIP = NO;
				DEBUG_INFORMATION_FORMAT = "dwarf-with-dsym";
				ENABLE_NS_ASSERTIONS = NO;
				ENABLE_STRICT_OBJC_MSGSEND = YES;
				ENABLE_USER_SCRIPT_SANDBOXING = YES;
				GCC_C_LANGUAGE_STANDARD = gnu17;
				GCC_NO_COMMON_BLOCKS = YES;
				GCC_WARN_64_TO_32_BIT_CONVERSION = YES;
				GCC_WARN_ABOUT_RETURN_TYPE = YES_ERROR;
				GCC_WARN_UNDECLARED_SELECTOR = YES;
				GCC_WARN_UNINITIALIZED_AUTOS = YES_AGGRESSIVE;
				GCC_WARN_UNUSED_FUNCTION = YES;
				GCC_WARN_UNUSED_VARIABLE = YES;
				IPHONEOS_DEPLOYMENT_TARGET = 18.2;
				LOCALIZATION_PREFERS_STRING_CATALOGS = YES;
				MTL_ENABLE_DEBUG_INFO = NO;
				MTL_FAST_MATH = YES;
				SDKROOT = iphoneos;
				SWIFT_COMPILATION_MODE = wholemodule;
				VALIDATE_PRODUCT = YES;
			};
			name = Release;
		};
		FBA502AE2E68038200DEA435 /* Debug */ = {
			isa = XCBuildConfiguration;
			buildSettings = {
				ASSETCATALOG_COMPILER_APPICON_NAME = AppIcon;
				ASSETCATALOG_COMPILER_GLOBAL_ACCENT_COLOR_NAME = AccentColor;
				CODE_SIGN_ENTITLEMENTS = NEDNSProxyTest/NEDNSProxyTest.entitlements;
				CODE_SIGN_STYLE = Automatic;
				CURRENT_PROJECT_VERSION = 1;
				DEVELOPMENT_ASSET_PATHS = "\"NEDNSProxyTest/Preview Content\"";
				DEVELOPMENT_TEAM = SV49R9YH6F;
				ENABLE_PREVIEWS = YES;
				GENERATE_INFOPLIST_FILE = YES;
				INFOPLIST_KEY_UIApplicationSceneManifest_Generation = YES;
				INFOPLIST_KEY_UIApplicationSupportsIndirectInputEvents = YES;
				INFOPLIST_KEY_UILaunchScreen_Generation = YES;
				INFOPLIST_KEY_UISupportedInterfaceOrientations_iPad = "UIInterfaceOrientationPortrait UIInterfaceOrientationPortraitUpsideDown UIInterfaceOrientationLandscapeLeft UIInterfaceOrientationLandscapeRight";
				INFOPLIST_KEY_UISupportedInterfaceOrientations_iPhone = "UIInterfaceOrientationPortrait UIInterfaceOrientationLandscapeLeft UIInterfaceOrientationLandscapeRight";
				LD_RUNPATH_SEARCH_PATHS = (
					"$(inherited)",
					"@executable_path/Frameworks",
				);
				MARKETING_VERSION = 1.0;
				PRODUCT_BUNDLE_IDENTIFIER = com.saasyan.test.NEDNSProxyTest;
				PRODUCT_NAME = "$(TARGET_NAME)";
				SWIFT_EMIT_LOC_STRINGS = YES;
				SWIFT_VERSION = 5.0;
				TARGETED_DEVICE_FAMILY = "1,2";
			};
			name = Debug;
		};
		FBA502AF2E68038200DEA435 /* Release */ = {
			isa = XCBuildConfiguration;
			buildSettings = {
				ASSETCATALOG_COMPILER_APPICON_NAME = AppIcon;
				ASSETCATALOG_COMPILER_GLOBAL_ACCENT_COLOR_NAME = AccentColor;
				CODE_SIGN_ENTITLEMENTS = NEDNSProxyTest/NEDNSProxyTest.entitlements;
				CODE_SIGN_STYLE = Automatic;
				CURRENT_PROJECT_VERSION = 1;
				DEVELOPMENT_ASSET_PATHS = "\"NEDNSProxyTest/Preview Content\"";
				DEVELOPMENT_TEAM = SV49R9YH6F;
				ENABLE_PREVIEWS = YES;
				GENERATE_INFOPLIST_FILE = YES;
				INFOPLIST_KEY_UIApplicationSceneManifest_Generation = YES;
				INFOPLIST_KEY_UIApplicationSupportsIndirectInputEvents = YES;
				INFOPLIST_KEY_UILaunchScreen_Generation = YES;
				INFOPLIST_KEY_UISupportedInterfaceOrientations_iPad = "UIInterfaceOrientationPortrait UIInterfaceOrientationPortraitUpsideDown UIInterfaceOrientationLandscapeLeft UIInterfaceOrientationLandscapeRight";
				INFOPLIST_KEY_UISupportedInterfaceOrientations_iPhone = "UIInterfaceOrientationPortrait UIInterfaceOrientationLandscapeLeft UIInterfaceOrientationLandscapeRight";
				LD_RUNPATH_SEARCH_PATHS = (
					"$(inherited)",
					"@executable_path/Frameworks",
				);
				MARKETING_VERSION = 1.0;
				PRODUCT_BUNDLE_IDENTIFIER = com.saasyan.test.NEDNSProxyTest;
				PRODUCT_NAME = "$(TARGET_NAME)";
				SWIFT_EMIT_LOC_STRINGS = YES;
				SWIFT_VERSION = 5.0;
				TARGETED_DEVICE_FAMILY = "1,2";
			};
			name = Release;
		};
		FBA502C22E6803D400DEA435 /* Debug */ = {
			isa = XCBuildConfiguration;
			buildSettings = {
				CODE_SIGN_ENTITLEMENTS = "NEDnsProxyTest-Extension/NEDnsProxyTest_Extension.entitlements";
				CODE_SIGN_STYLE = Automatic;
				CURRENT_PROJECT_VERSION = 1;
				DEVELOPMENT_TEAM = SV49R9YH6F;
				GENERATE_INFOPLIST_FILE = YES;
				INFOPLIST_FILE = "NEDnsProxyTest-Extension/Info.plist";
				INFOPLIST_KEY_CFBundleDisplayName = "NEDnsProxyTest-Extension";
				INFOPLIST_KEY_NSHumanReadableCopyright = "";
				LD_RUNPATH_SEARCH_PATHS = (
					"$(inherited)",
					"@executable_path/Frameworks",
					"@executable_path/../../Frameworks",
				);
				LIBRARY_SEARCH_PATHS = (
					"$(inherited)",
					"$(PROJECT_DIR)",
				);
				MARKETING_VERSION = 1.0;
				PRODUCT_BUNDLE_IDENTIFIER = "com.saasyan.test.NEDNSProxyTest.NEDnsProxyTest-Extension";
				PRODUCT_NAME = "$(TARGET_NAME)";
				SKIP_INSTALL = YES;
				SWIFT_EMIT_LOC_STRINGS = YES;
				SWIFT_OBJC_BRIDGING_HEADER = DnsParse.h;
				SWIFT_VERSION = 5.0;
				TARGETED_DEVICE_FAMILY = "1,2";
			};
			name = Debug;
		};
		FBA502C32E6803D400DEA435 /* Release */ = {
			isa = XCBuildConfiguration;
			buildSettings = {
				CODE_SIGN_ENTITLEMENTS = "NEDnsProxyTest-Extension/NEDnsProxyTest_Extension.entitlements";
				CODE_SIGN_STYLE = Automatic;
				CURRENT_PROJECT_VERSION = 1;
				DEVELOPMENT_TEAM = SV49R9YH6F;
				GENERATE_INFOPLIST_FILE = YES;
				INFOPLIST_FILE = "NEDnsProxyTest-Extension/Info.plist";
				INFOPLIST_KEY_CFBundleDisplayName = "NEDnsProxyTest-Extension";
				INFOPLIST_KEY_NSHumanReadableCopyright = "";
				LD_RUNPATH_SEARCH_PATHS = (
					"$(inherited)",
					"@executable_path/Frameworks",
					"@executable_path/../../Frameworks",
				);
				LIBRARY_SEARCH_PATHS = (
					"$(inherited)",
					"$(PROJECT_DIR)",
				);
				MARKETING_VERSION = 1.0;
				PRODUCT_BUNDLE_IDENTIFIER = "com.saasyan.test.NEDNSProxyTest.NEDnsProxyTest-Extension";
				PRODUCT_NAME = "$(TARGET_NAME)";
				SKIP_INSTALL = YES;
				SWIFT_EMIT_LOC_STRINGS = YES;
				SWIFT_OBJC_BRIDGING_HEADER = DnsParse.h;
				SWIFT_VERSION = 5.0;
				TARGETED_DEVICE_FAMILY = "1,2";
			};
			name = Release;
		};
/* End XCBuildConfiguration section */

/* Begin XCConfigurationList section */
		FBA5029A2E68038000DEA435 /* Build configuration list for PBXProject "NEDNSProxyTest" */ = {
			isa = XCConfigurationList;
			buildConfigurations = (
				FBA502AB2E68038200DEA435 /* Debug */,
				FBA502AC2E68038200DEA435 /* Release */,
			);
			defaultConfigurationIsVisible = 0;
			defaultConfigurationName = Release;
		};
		FBA502AD2E68038200DEA435 /* Build configuration list for PBXNativeTarget "NEDNSProxyTest" */ = {
			isa = XCConfigurationList;
			buildConfigurations = (
				FBA502AE2E68038200DEA435 /* Debug */,
				FBA502AF2E68038200DEA435 /* Release */,
			);
			defaultConfigurationIsVisible = 0;
			defaultConfigurationName = Release;
		};
		FBA502C12E6803D400DEA435 /* Build configuration list for PBXNativeTarget "NEDnsProxyTest-Extension" */ = {
			isa = XCConfigurationList;
			buildConfigurations = (
				FBA502C22E6803D400DEA435 /* Debug */,
				FBA502C32E6803D400DEA435 /* Release */,
			);
			defaultConfigurationIsVisible = 0;
			defaultConfigurationName = Release;
		};
/* End XCConfigurationList section */
	};
	rootObject = FBA502972E68038000DEA435 /* Project object */;
}
